
Microsoft Visual Studio Solution File, Format Version 12.00
# Visual Studio Version 16
VisualStudioVersion = 16.0.33529.622
MinimumVisualStudioVersion = 10.0.40219.1
Project("{FAE04EC0-301F-11D3-BF4B-00C04F79EFBC}") = "FinalAssignment", "FinalAssignment\FinalAssignment.csproj", "{4729E40C-CDD6-4953-BA1F-DB7401AE2550}"
EndProject
Global
	GlobalSection(SolutionConfigurationPlatforms) = preSolution
		Debug|Any CPU = Debug|Any CPU
		Release|Any CPU = Release|Any CPU
	EndGlobalSection
	GlobalSection(ProjectConfigurationPlatforms) = postSolution
		{4729E40C-CDD6-4953-BA1F-DB7401AE2550}.Debug|Any CPU.ActiveCfg = Debug|Any CPU
		{4729E40C-CDD6-4953-BA1F-DB7401AE2550}.Debug|Any CPU.Build.0 = Debug|Any CPU
		{4729E40C-CDD6-4953-BA1F-DB7401AE2550}.Release|Any CPU.ActiveCfg = Release|Any CPU
		{4729E40C-CDD6-4953-BA1F-DB7401AE2550}.Release|Any CPU.Build.0 = Release|Any CPU
	EndGlobalSection
	GlobalSection(SolutionProperties) = preSolution
		HideSolutionNode = FALSE
	EndGlobalSection
	GlobalSection(ExtensibilityGlobals) = postSolution
		SolutionGuid = {793D6713-D3A4-4A0D-9124-0BE5340B4839}
	EndGlobalSection
EndGlobal
