
Microsoft Visual Studio Solution File, Format Version 12.00
# Visual Studio Version 16
VisualStudioVersion = 16.0.33529.622
MinimumVisualStudioVersion = 10.0.40219.1
Project("{FAE04EC0-301F-11D3-BF4B-00C04F79EFBC}") = "ConsoleApp", "ConsoleApp\ConsoleApp.csproj", "{EFD06BAB-B196-48F7-B71D-1D44ACC098C9}"
EndProject
Global
	GlobalSection(SolutionConfigurationPlatforms) = preSolution
		Debug|Any CPU = Debug|Any CPU
		Release|Any CPU = Release|Any CPU
	EndGlobalSection
	GlobalSection(ProjectConfigurationPlatforms) = postSolution
		{EFD06BAB-B196-48F7-B71D-1D44ACC098C9}.Debug|Any CPU.ActiveCfg = Debug|Any CPU
		{EFD06BAB-B196-48F7-B71D-1D44ACC098C9}.Debug|Any CPU.Build.0 = Debug|Any CPU
		{EFD06BAB-B196-48F7-B71D-1D44ACC098C9}.Release|Any CPU.ActiveCfg = Release|Any CPU
		{EFD06BAB-B196-48F7-B71D-1D44ACC098C9}.Release|Any CPU.Build.0 = Release|Any CPU
	EndGlobalSection
	GlobalSection(SolutionProperties) = preSolution
		HideSolutionNode = FALSE
	EndGlobalSection
	GlobalSection(ExtensibilityGlobals) = postSolution
		SolutionGuid = {25B74559-727D-46DA-937B-33849BDC41B9}
	EndGlobalSection
EndGlobal
