
Microsoft Visual Studio Solution File, Format Version 12.00
# Visual Studio Version 16
VisualStudioVersion = 16.0.33529.622
MinimumVisualStudioVersion = 10.0.40219.1
Project("{FAE04EC0-301F-11D3-BF4B-00C04F79EFBC}") = "CallingMethodsAssignment", "CallingMethodsAssignment\CallingMethodsAssignment.csproj", "{13F76CA9-A379-41A6-BFA8-191B83135029}"
EndProject
Global
	GlobalSection(SolutionConfigurationPlatforms) = preSolution
		Debug|Any CPU = Debug|Any CPU
		Release|Any CPU = Release|Any CPU
	EndGlobalSection
	GlobalSection(ProjectConfigurationPlatforms) = postSolution
		{13F76CA9-A379-41A6-BFA8-191B83135029}.Debug|Any CPU.ActiveCfg = Debug|Any CPU
		{13F76CA9-A379-41A6-BFA8-191B83135029}.Debug|Any CPU.Build.0 = Debug|Any CPU
		{13F76CA9-A379-41A6-BFA8-191B83135029}.Release|Any CPU.ActiveCfg = Release|Any CPU
		{13F76CA9-A379-41A6-BFA8-191B83135029}.Release|Any CPU.Build.0 = Release|Any CPU
	EndGlobalSection
	GlobalSection(SolutionProperties) = preSolution
		HideSolutionNode = FALSE
	EndGlobalSection
	GlobalSection(ExtensibilityGlobals) = postSolution
		SolutionGuid = {561C89BB-A0F2-4133-8786-8A9909B2AA01}
	EndGlobalSection
EndGlobal
